go-darwin.dev/sys v0.0.0-20210627024002-32d42754375c h1:xG0zQnKQMsBPcBl1qe1ubT3qwHEPYpWohgUU94698e4=
go-darwin.dev/sys v0.0.0-20210627024002-32d42754375c/go.mod h1:1KrBulURjz9K38r1eSysg/zBcdiEtaEDNPGbag0u5K0=
golang.org/x/sys v0.0.0-20210616094352-59db8d763f22 h1:RqytpXGR1iVNX7psjB3ff8y7sNFinVFvkx1c8SjBkio=
golang.org/x/sys v0.0.0-20210616094352-59db8d763f22/go.mod h1:oPkhp1MJrh7nUepCBck5+mAzfO9JrbApNNgaTdGDITg=
